# This file is automatically @generated by Cargo.
# It is not intended for manual editing.
version = 4

[[package]]
name = "week_01_basics"
version = "0.1.0"

[[package]]
name = "week_02_functions"
version = "0.1.0"

[[package]]
name = "week_03_conditionals"
version = "0.1.0"

[[package]]
name = "week_04_loops"
version = "0.1.0"

[[package]]
name = "week_05_collections"
version = "0.1.0"

[[package]]
name = "week_06_structs"
version = "0.1.0"

[[package]]
name = "week_07_error_handling"
version = "0.1.0"

[[package]]
name = "week_08_project_todo"
version = "0.1.0"
